
Microsoft Visual Studio Solution File, Format Version 12.00
# Visual Studio Version 16
VisualStudioVersion = 16.0.32510.428
MinimumVisualStudioVersion = 10.0.40219.1
Project("{FAE04EC0-301F-11D3-BF4B-00C04F79EFBC}") = "ConsoleAppEjercicio27", "ConsoleAppEjercicio27\ConsoleAppEjercicio27.csproj", "{7ABD1365-AD2A-4FC6-AF35-5AC33F1F1DAB}"
EndProject
Global
	GlobalSection(SolutionConfigurationPlatforms) = preSolution
		Debug|Any CPU = Debug|Any CPU
		Release|Any CPU = Release|Any CPU
	EndGlobalSection
	GlobalSection(ProjectConfigurationPlatforms) = postSolution
		{7ABD1365-AD2A-4FC6-AF35-5AC33F1F1DAB}.Debug|Any CPU.ActiveCfg = Debug|Any CPU
		{7ABD1365-AD2A-4FC6-AF35-5AC33F1F1DAB}.Debug|Any CPU.Build.0 = Debug|Any CPU
		{7ABD1365-AD2A-4FC6-AF35-5AC33F1F1DAB}.Release|Any CPU.ActiveCfg = Release|Any CPU
		{7ABD1365-AD2A-4FC6-AF35-5AC33F1F1DAB}.Release|Any CPU.Build.0 = Release|Any CPU
	EndGlobalSection
	GlobalSection(SolutionProperties) = preSolution
		HideSolutionNode = FALSE
	EndGlobalSection
	GlobalSection(ExtensibilityGlobals) = postSolution
		SolutionGuid = {821607F9-9466-4E3D-BB0E-91B9DF18482D}
	EndGlobalSection
EndGlobal
