
Microsoft Visual Studio Solution File, Format Version 12.00
# Visual Studio Version 16
VisualStudioVersion = 16.0.32510.428
MinimumVisualStudioVersion = 10.0.40219.1
Project("{FAE04EC0-301F-11D3-BF4B-00C04F79EFBC}") = "ConsoleAppEjercicio20d1", "ConsoleAppEjercicio20d1\ConsoleAppEjercicio20d1.csproj", "{B5C98885-31A5-4FFE-9B3E-D2BF6BD9C097}"
EndProject
Global
	GlobalSection(SolutionConfigurationPlatforms) = preSolution
		Debug|Any CPU = Debug|Any CPU
		Release|Any CPU = Release|Any CPU
	EndGlobalSection
	GlobalSection(ProjectConfigurationPlatforms) = postSolution
		{B5C98885-31A5-4FFE-9B3E-D2BF6BD9C097}.Debug|Any CPU.ActiveCfg = Debug|Any CPU
		{B5C98885-31A5-4FFE-9B3E-D2BF6BD9C097}.Debug|Any CPU.Build.0 = Debug|Any CPU
		{B5C98885-31A5-4FFE-9B3E-D2BF6BD9C097}.Release|Any CPU.ActiveCfg = Release|Any CPU
		{B5C98885-31A5-4FFE-9B3E-D2BF6BD9C097}.Release|Any CPU.Build.0 = Release|Any CPU
	EndGlobalSection
	GlobalSection(SolutionProperties) = preSolution
		HideSolutionNode = FALSE
	EndGlobalSection
	GlobalSection(ExtensibilityGlobals) = postSolution
		SolutionGuid = {A3104DF1-C28D-4BEF-8644-FBA14EA14BAF}
	EndGlobalSection
EndGlobal
